version = 1
revision = 2
requires-python = ">=3.13"

[[package]]
name = "attrs"
version = "24.3.0"
source = { registry = "https://pypi.org/simple" }
sdist = { url = "https://files.pythonhosted.org/packages/48/c8/6260f8ccc11f0917360fc0da435c5c9c7504e3db174d5a12a1494887b045/attrs-24.3.0.tar.gz", hash = "sha256:8f5c07333d543103541ba7be0e2ce16eeee8130cb0b3f9238ab904ce1e85baff", size = 805984, upload-time = "2024-12-16T06:59:29.899Z" }
wheels = [
    { url = "https://files.pythonhosted.org/packages/89/aa/ab0f7891a01eeb2d2e338ae8fecbe57fcebea1a24dbb64d45801bfab481d/attrs-24.3.0-py3-none-any.whl", hash = "sha256:ac96cd038792094f438ad1f6ff80837353805ac950cd2aa0e0625ef19850c308", size = 63397, upload-time = "2024-12-16T06:59:26.977Z" },
]

[[package]]
name = "bilibili-block-list"
version = "0.1.0"
source = { virtual = "." }
dependencies = [
    { name = "jsonschema" },
    { name = "pypinyin" },
]

[package.dev-dependencies]
dev = [
    { name = "ruff" },
]

[package.metadata]
requires-dist = [
    { name = "jsonschema", specifier = ">=4.23.0" },
    { name = "pypinyin", specifier = ">=0.53.0" },
]

[package.metadata.requires-dev]
dev = [{ name = "ruff", specifier = "==0.12.0" }]

[[package]]
name = "jsonschema"
version = "4.23.0"
source = { registry = "https://pypi.org/simple" }
dependencies = [
    { name = "attrs" },
    { name = "jsonschema-specifications" },
    { name = "referencing" },
    { name = "rpds-py" },
]
sdist = { url = "https://files.pythonhosted.org/packages/38/2e/03362ee4034a4c917f697890ccd4aec0800ccf9ded7f511971c75451deec/jsonschema-4.23.0.tar.gz", hash = "sha256:d71497fef26351a33265337fa77ffeb82423f3ea21283cd9467bb03999266bc4", size = 325778, upload-time = "2024-07-08T18:40:05.546Z" }
wheels = [
    { url = "https://files.pythonhosted.org/packages/69/4a/4f9dbeb84e8850557c02365a0eee0649abe5eb1d84af92a25731c6c0f922/jsonschema-4.23.0-py3-none-any.whl", hash = "sha256:fbadb6f8b144a8f8cf9f0b89ba94501d143e50411a1278633f56a7acf7fd5566", size = 88462, upload-time = "2024-07-08T18:40:00.165Z" },
]

[[package]]
name = "jsonschema-specifications"
version = "2024.10.1"
source = { registry = "https://pypi.org/simple" }
dependencies = [
    { name = "referencing" },
]
sdist = { url = "https://files.pythonhosted.org/packages/10/db/58f950c996c793472e336ff3655b13fbcf1e3b359dcf52dcf3ed3b52c352/jsonschema_specifications-2024.10.1.tar.gz", hash = "sha256:0f38b83639958ce1152d02a7f062902c41c8fd20d558b0c34344292d417ae272", size = 15561, upload-time = "2024-10-08T12:29:32.068Z" }
wheels = [
    { url = "https://files.pythonhosted.org/packages/d1/0f/8910b19ac0670a0f80ce1008e5e751c4a57e14d2c4c13a482aa6079fa9d6/jsonschema_specifications-2024.10.1-py3-none-any.whl", hash = "sha256:a09a0680616357d9a0ecf05c12ad234479f549239d0f5b55f3deea67475da9bf", size = 18459, upload-time = "2024-10-08T12:29:30.439Z" },
]

[[package]]
name = "pypinyin"
version = "0.53.0"
source = { registry = "https://pypi.org/simple" }
sdist = { url = "https://files.pythonhosted.org/packages/b8/2d/58c9e7d0825d834fc5ac62a340640953d39a80e78cba70eb73d3bad5b4be/pypinyin-0.53.0.tar.gz", hash = "sha256:a2d39ddc2bd31b55897bbb10d2e11a0c4d399988a97c00ad489c151afd9b106d", size = 824458, upload-time = "2024-09-15T08:05:49.637Z" }
wheels = [
    { url = "https://files.pythonhosted.org/packages/b1/af/a1f9ee31b860ea55985a743b53fc06e61fe156bc1a9d64d94a81afa80470/pypinyin-0.53.0-py2.py3-none-any.whl", hash = "sha256:a906768919da3c31771f2c5e0e5a759214dc38d0087e15e6ff67649e03df8097", size = 834720, upload-time = "2024-09-15T08:05:47.379Z" },
]

[[package]]
name = "referencing"
version = "0.35.1"
source = { registry = "https://pypi.org/simple" }
dependencies = [
    { name = "attrs" },
    { name = "rpds-py" },
]
sdist = { url = "https://files.pythonhosted.org/packages/99/5b/73ca1f8e72fff6fa52119dbd185f73a907b1989428917b24cff660129b6d/referencing-0.35.1.tar.gz", hash = "sha256:25b42124a6c8b632a425174f24087783efb348a6f1e0008e63cd4466fedf703c", size = 62991, upload-time = "2024-05-01T20:26:04.574Z" }
wheels = [
    { url = "https://files.pythonhosted.org/packages/b7/59/2056f61236782a2c86b33906c025d4f4a0b17be0161b63b70fd9e8775d36/referencing-0.35.1-py3-none-any.whl", hash = "sha256:eda6d3234d62814d1c64e305c1331c9a3a6132da475ab6382eaa997b21ee75de", size = 26684, upload-time = "2024-05-01T20:26:02.078Z" },
]

[[package]]
name = "rpds-py"
version = "0.22.3"
source = { registry = "https://pypi.org/simple" }
sdist = { url = "https://files.pythonhosted.org/packages/01/80/cce854d0921ff2f0a9fa831ba3ad3c65cee3a46711addf39a2af52df2cfd/rpds_py-0.22.3.tar.gz", hash = "sha256:e32fee8ab45d3c2db6da19a5323bc3362237c8b653c70194414b892fd06a080d", size = 26771, upload-time = "2024-12-04T15:34:14.949Z" }
wheels = [
    { url = "https://files.pythonhosted.org/packages/d0/bf/36d5cc1f2c609ae6e8bf0fc35949355ca9d8790eceb66e6385680c951e60/rpds_py-0.22.3-cp313-cp313-macosx_10_12_x86_64.whl", hash = "sha256:ea7433ce7e4bfc3a85654aeb6747babe3f66eaf9a1d0c1e7a4435bbdf27fea84", size = 351657, upload-time = "2024-12-04T15:32:36.241Z" },
    { url = "https://files.pythonhosted.org/packages/24/2a/f1e0fa124e300c26ea9382e59b2d582cba71cedd340f32d1447f4f29fa4e/rpds_py-0.22.3-cp313-cp313-macosx_11_0_arm64.whl", hash = "sha256:6dd9412824c4ce1aca56c47b0991e65bebb7ac3f4edccfd3f156150c96a7bf25", size = 341829, upload-time = "2024-12-04T15:32:37.607Z" },
    { url = "https://files.pythonhosted.org/packages/cf/c2/0da1231dd16953845bed60d1a586fcd6b15ceaeb965f4d35cdc71f70f606/rpds_py-0.22.3-cp313-cp313-manylinux_2_17_aarch64.manylinux2014_aarch64.whl", hash = "sha256:20070c65396f7373f5df4005862fa162db5d25d56150bddd0b3e8214e8ef45b4", size = 384220, upload-time = "2024-12-04T15:32:38.854Z" },
    { url = "https://files.pythonhosted.org/packages/c7/73/a4407f4e3a00a9d4b68c532bf2d873d6b562854a8eaff8faa6133b3588ec/rpds_py-0.22.3-cp313-cp313-manylinux_2_17_armv7l.manylinux2014_armv7l.whl", hash = "sha256:0b09865a9abc0ddff4e50b5ef65467cd94176bf1e0004184eb915cbc10fc05c5", size = 391009, upload-time = "2024-12-04T15:32:40.137Z" },
    { url = "https://files.pythonhosted.org/packages/a9/c3/04b7353477ab360fe2563f5f0b176d2105982f97cd9ae80a9c5a18f1ae0f/rpds_py-0.22.3-cp313-cp313-manylinux_2_17_ppc64le.manylinux2014_ppc64le.whl", hash = "sha256:3453e8d41fe5f17d1f8e9c383a7473cd46a63661628ec58e07777c2fff7196dc", size = 426989, upload-time = "2024-12-04T15:32:41.325Z" },
    { url = "https://files.pythonhosted.org/packages/8d/e6/e4b85b722bcf11398e17d59c0f6049d19cd606d35363221951e6d625fcb0/rpds_py-0.22.3-cp313-cp313-manylinux_2_17_s390x.manylinux2014_s390x.whl", hash = "sha256:f5d36399a1b96e1a5fdc91e0522544580dbebeb1f77f27b2b0ab25559e103b8b", size = 441544, upload-time = "2024-12-04T15:32:42.589Z" },
    { url = "https://files.pythonhosted.org/packages/27/fc/403e65e56f65fff25f2973216974976d3f0a5c3f30e53758589b6dc9b79b/rpds_py-0.22.3-cp313-cp313-manylinux_2_17_x86_64.manylinux2014_x86_64.whl", hash = "sha256:009de23c9c9ee54bf11303a966edf4d9087cd43a6003672e6aa7def643d06518", size = 385179, upload-time = "2024-12-04T15:32:44.331Z" },
    { url = "https://files.pythonhosted.org/packages/57/9b/2be9ff9700d664d51fd96b33d6595791c496d2778cb0b2a634f048437a55/rpds_py-0.22.3-cp313-cp313-manylinux_2_5_i686.manylinux1_i686.whl", hash = "sha256:1aef18820ef3e4587ebe8b3bc9ba6e55892a6d7b93bac6d29d9f631a3b4befbd", size = 415103, upload-time = "2024-12-04T15:32:46.599Z" },
    { url = "https://files.pythonhosted.org/packages/bb/a5/03c2ad8ca10994fcf22dd2150dd1d653bc974fa82d9a590494c84c10c641/rpds_py-0.22.3-cp313-cp313-musllinux_1_2_aarch64.whl", hash = "sha256:f60bd8423be1d9d833f230fdbccf8f57af322d96bcad6599e5a771b151398eb2", size = 560916, upload-time = "2024-12-04T15:32:47.916Z" },
    { url = "https://files.pythonhosted.org/packages/ba/2e/be4fdfc8b5b576e588782b56978c5b702c5a2307024120d8aeec1ab818f0/rpds_py-0.22.3-cp313-cp313-musllinux_1_2_i686.whl", hash = "sha256:62d9cfcf4948683a18a9aff0ab7e1474d407b7bab2ca03116109f8464698ab16", size = 587062, upload-time = "2024-12-04T15:32:49.274Z" },
    { url = "https://files.pythonhosted.org/packages/67/e0/2034c221937709bf9c542603d25ad43a68b4b0a9a0c0b06a742f2756eb66/rpds_py-0.22.3-cp313-cp313-musllinux_1_2_x86_64.whl", hash = "sha256:9253fc214112405f0afa7db88739294295f0e08466987f1d70e29930262b4c8f", size = 555734, upload-time = "2024-12-04T15:32:50.528Z" },
    { url = "https://files.pythonhosted.org/packages/ea/ce/240bae07b5401a22482b58e18cfbabaa392409b2797da60223cca10d7367/rpds_py-0.22.3-cp313-cp313-win32.whl", hash = "sha256:fb0ba113b4983beac1a2eb16faffd76cb41e176bf58c4afe3e14b9c681f702de", size = 220663, upload-time = "2024-12-04T15:32:51.878Z" },
    { url = "https://files.pythonhosted.org/packages/cb/f0/d330d08f51126330467edae2fa4efa5cec8923c87551a79299380fdea30d/rpds_py-0.22.3-cp313-cp313-win_amd64.whl", hash = "sha256:c58e2339def52ef6b71b8f36d13c3688ea23fa093353f3a4fee2556e62086ec9", size = 235503, upload-time = "2024-12-04T15:32:53.195Z" },
    { url = "https://files.pythonhosted.org/packages/f7/c4/dbe1cc03df013bf2feb5ad00615038050e7859f381e96fb5b7b4572cd814/rpds_py-0.22.3-cp313-cp313t-macosx_10_12_x86_64.whl", hash = "sha256:f82a116a1d03628a8ace4859556fb39fd1424c933341a08ea3ed6de1edb0283b", size = 347698, upload-time = "2024-12-04T15:32:54.569Z" },
    { url = "https://files.pythonhosted.org/packages/a4/3a/684f66dd6b0f37499cad24cd1c0e523541fd768576fa5ce2d0a8799c3cba/rpds_py-0.22.3-cp313-cp313t-macosx_11_0_arm64.whl", hash = "sha256:3dfcbc95bd7992b16f3f7ba05af8a64ca694331bd24f9157b49dadeeb287493b", size = 337330, upload-time = "2024-12-04T15:32:55.993Z" },
    { url = "https://files.pythonhosted.org/packages/82/eb/e022c08c2ce2e8f7683baa313476492c0e2c1ca97227fe8a75d9f0181e95/rpds_py-0.22.3-cp313-cp313t-manylinux_2_17_aarch64.manylinux2014_aarch64.whl", hash = "sha256:59259dc58e57b10e7e18ce02c311804c10c5a793e6568f8af4dead03264584d1", size = 380022, upload-time = "2024-12-04T15:32:57.374Z" },
    { url = "https://files.pythonhosted.org/packages/e4/21/5a80e653e4c86aeb28eb4fea4add1f72e1787a3299687a9187105c3ee966/rpds_py-0.22.3-cp313-cp313t-manylinux_2_17_armv7l.manylinux2014_armv7l.whl", hash = "sha256:5725dd9cc02068996d4438d397e255dcb1df776b7ceea3b9cb972bdb11260a83", size = 390754, upload-time = "2024-12-04T15:32:58.726Z" },
    { url = "https://files.pythonhosted.org/packages/37/a4/d320a04ae90f72d080b3d74597074e62be0a8ecad7d7321312dfe2dc5a6a/rpds_py-0.22.3-cp313-cp313t-manylinux_2_17_ppc64le.manylinux2014_ppc64le.whl", hash = "sha256:99b37292234e61325e7a5bb9689e55e48c3f5f603af88b1642666277a81f1fbd", size = 423840, upload-time = "2024-12-04T15:32:59.997Z" },
    { url = "https://files.pythonhosted.org/packages/87/70/674dc47d93db30a6624279284e5631be4c3a12a0340e8e4f349153546728/rpds_py-0.22.3-cp313-cp313t-manylinux_2_17_s390x.manylinux2014_s390x.whl", hash = "sha256:27b1d3b3915a99208fee9ab092b8184c420f2905b7d7feb4aeb5e4a9c509b8a1", size = 438970, upload-time = "2024-12-04T15:33:02.057Z" },
    { url = "https://files.pythonhosted.org/packages/3f/64/9500f4d66601d55cadd21e90784cfd5d5f4560e129d72e4339823129171c/rpds_py-0.22.3-cp313-cp313t-manylinux_2_17_x86_64.manylinux2014_x86_64.whl", hash = "sha256:f612463ac081803f243ff13cccc648578e2279295048f2a8d5eb430af2bae6e3", size = 383146, upload-time = "2024-12-04T15:33:03.414Z" },
    { url = "https://files.pythonhosted.org/packages/4d/45/630327addb1d17173adcf4af01336fd0ee030c04798027dfcb50106001e0/rpds_py-0.22.3-cp313-cp313t-manylinux_2_5_i686.manylinux1_i686.whl", hash = "sha256:f73d3fef726b3243a811121de45193c0ca75f6407fe66f3f4e183c983573e130", size = 408294, upload-time = "2024-12-04T15:33:05.504Z" },
    { url = "https://files.pythonhosted.org/packages/5f/ef/8efb3373cee54ea9d9980b772e5690a0c9e9214045a4e7fa35046e399fee/rpds_py-0.22.3-cp313-cp313t-musllinux_1_2_aarch64.whl", hash = "sha256:3f21f0495edea7fdbaaa87e633a8689cd285f8f4af5c869f27bc8074638ad69c", size = 556345, upload-time = "2024-12-04T15:33:06.9Z" },
    { url = "https://files.pythonhosted.org/packages/54/01/151d3b9ef4925fc8f15bfb131086c12ec3c3d6dd4a4f7589c335bf8e85ba/rpds_py-0.22.3-cp313-cp313t-musllinux_1_2_i686.whl", hash = "sha256:1e9663daaf7a63ceccbbb8e3808fe90415b0757e2abddbfc2e06c857bf8c5e2b", size = 582292, upload-time = "2024-12-04T15:33:08.304Z" },
    { url = "https://files.pythonhosted.org/packages/30/89/35fc7a6cdf3477d441c7aca5e9bbf5a14e0f25152aed7f63f4e0b141045d/rpds_py-0.22.3-cp313-cp313t-musllinux_1_2_x86_64.whl", hash = "sha256:a76e42402542b1fae59798fab64432b2d015ab9d0c8c47ba7addddbaf7952333", size = 553855, upload-time = "2024-12-04T15:33:10Z" },
    { url = "https://files.pythonhosted.org/packages/8f/e0/830c02b2457c4bd20a8c5bb394d31d81f57fbefce2dbdd2e31feff4f7003/rpds_py-0.22.3-cp313-cp313t-win32.whl", hash = "sha256:69803198097467ee7282750acb507fba35ca22cc3b85f16cf45fb01cb9097730", size = 219100, upload-time = "2024-12-04T15:33:11.343Z" },
    { url = "https://files.pythonhosted.org/packages/f8/30/7ac943f69855c2db77407ae363484b915d861702dbba1aa82d68d57f42be/rpds_py-0.22.3-cp313-cp313t-win_amd64.whl", hash = "sha256:f5cf2a0c2bdadf3791b5c205d55a37a54025c6e18a71c71f82bb536cf9a454bf", size = 233794, upload-time = "2024-12-04T15:33:12.888Z" },
]

[[package]]
name = "ruff"
version = "0.12.0"
source = { registry = "https://pypi.org/simple" }
sdist = { url = "https://files.pythonhosted.org/packages/24/90/5255432602c0b196a0da6720f6f76b93eb50baef46d3c9b0025e2f9acbf3/ruff-0.12.0.tar.gz", hash = "sha256:4d047db3662418d4a848a3fdbfaf17488b34b62f527ed6f10cb8afd78135bc5c", size = 4376101, upload-time = "2025-06-17T15:19:26.217Z" }
wheels = [
    { url = "https://files.pythonhosted.org/packages/e6/fd/b46bb20e14b11ff49dbc74c61de352e0dc07fb650189513631f6fb5fc69f/ruff-0.12.0-py3-none-linux_armv6l.whl", hash = "sha256:5652a9ecdb308a1754d96a68827755f28d5dfb416b06f60fd9e13f26191a8848", size = 10311554, upload-time = "2025-06-17T15:18:45.792Z" },
    { url = "https://files.pythonhosted.org/packages/e7/d3/021dde5a988fa3e25d2468d1dadeea0ae89dc4bc67d0140c6e68818a12a1/ruff-0.12.0-py3-none-macosx_10_12_x86_64.whl", hash = "sha256:05ed0c914fabc602fc1f3b42c53aa219e5736cb030cdd85640c32dbc73da74a6", size = 11118435, upload-time = "2025-06-17T15:18:49.064Z" },
    { url = "https://files.pythonhosted.org/packages/07/a2/01a5acf495265c667686ec418f19fd5c32bcc326d4c79ac28824aecd6a32/ruff-0.12.0-py3-none-macosx_11_0_arm64.whl", hash = "sha256:07a7aa9b69ac3fcfda3c507916d5d1bca10821fe3797d46bad10f2c6de1edda0", size = 10466010, upload-time = "2025-06-17T15:18:51.341Z" },
    { url = "https://files.pythonhosted.org/packages/4c/57/7caf31dd947d72e7aa06c60ecb19c135cad871a0a8a251723088132ce801/ruff-0.12.0-py3-none-manylinux_2_17_aarch64.manylinux2014_aarch64.whl", hash = "sha256:e7731c3eec50af71597243bace7ec6104616ca56dda2b99c89935fe926bdcd48", size = 10661366, upload-time = "2025-06-17T15:18:53.29Z" },
    { url = "https://files.pythonhosted.org/packages/e9/ba/aa393b972a782b4bc9ea121e0e358a18981980856190d7d2b6187f63e03a/ruff-0.12.0-py3-none-manylinux_2_17_armv7l.manylinux2014_armv7l.whl", hash = "sha256:952d0630eae628250ab1c70a7fffb641b03e6b4a2d3f3ec6c1d19b4ab6c6c807", size = 10173492, upload-time = "2025-06-17T15:18:55.262Z" },
    { url = "https://files.pythonhosted.org/packages/d7/50/9349ee777614bc3062fc6b038503a59b2034d09dd259daf8192f56c06720/ruff-0.12.0-py3-none-manylinux_2_17_i686.manylinux2014_i686.whl", hash = "sha256:c021f04ea06966b02614d442e94071781c424ab8e02ec7af2f037b4c1e01cc82", size = 11761739, upload-time = "2025-06-17T15:18:58.906Z" },
    { url = "https://files.pythonhosted.org/packages/04/8f/ad459de67c70ec112e2ba7206841c8f4eb340a03ee6a5cabc159fe558b8e/ruff-0.12.0-py3-none-manylinux_2_17_ppc64.manylinux2014_ppc64.whl", hash = "sha256:7d235618283718ee2fe14db07f954f9b2423700919dc688eacf3f8797a11315c", size = 12537098, upload-time = "2025-06-17T15:19:01.316Z" },
    { url = "https://files.pythonhosted.org/packages/ed/50/15ad9c80ebd3c4819f5bd8883e57329f538704ed57bac680d95cb6627527/ruff-0.12.0-py3-none-manylinux_2_17_ppc64le.manylinux2014_ppc64le.whl", hash = "sha256:0c0758038f81beec8cc52ca22de9685b8ae7f7cc18c013ec2050012862cc9165", size = 12154122, upload-time = "2025-06-17T15:19:03.727Z" },
    { url = "https://files.pythonhosted.org/packages/76/e6/79b91e41bc8cc3e78ee95c87093c6cacfa275c786e53c9b11b9358026b3d/ruff-0.12.0-py3-none-manylinux_2_17_s390x.manylinux2014_s390x.whl", hash = "sha256:139b3d28027987b78fc8d6cfb61165447bdf3740e650b7c480744873688808c2", size = 11363374, upload-time = "2025-06-17T15:19:05.875Z" },
    { url = "https://files.pythonhosted.org/packages/db/c3/82b292ff8a561850934549aa9dc39e2c4e783ab3c21debe55a495ddf7827/ruff-0.12.0-py3-none-manylinux_2_17_x86_64.manylinux2014_x86_64.whl", hash = "sha256:68853e8517b17bba004152aebd9dd77d5213e503a5f2789395b25f26acac0da4", size = 11587647, upload-time = "2025-06-17T15:19:08.246Z" },
    { url = "https://files.pythonhosted.org/packages/2b/42/d5760d742669f285909de1bbf50289baccb647b53e99b8a3b4f7ce1b2001/ruff-0.12.0-py3-none-musllinux_1_2_aarch64.whl", hash = "sha256:3a9512af224b9ac4757f7010843771da6b2b0935a9e5e76bb407caa901a1a514", size = 10527284, upload-time = "2025-06-17T15:19:10.37Z" },
    { url = "https://files.pythonhosted.org/packages/19/f6/fcee9935f25a8a8bba4adbae62495c39ef281256693962c2159e8b284c5f/ruff-0.12.0-py3-none-musllinux_1_2_armv7l.whl", hash = "sha256:b08df3d96db798e5beb488d4df03011874aff919a97dcc2dd8539bb2be5d6a88", size = 10158609, upload-time = "2025-06-17T15:19:12.286Z" },
    { url = "https://files.pythonhosted.org/packages/37/fb/057febf0eea07b9384787bfe197e8b3384aa05faa0d6bd844b94ceb29945/ruff-0.12.0-py3-none-musllinux_1_2_i686.whl", hash = "sha256:6a315992297a7435a66259073681bb0d8647a826b7a6de45c6934b2ca3a9ed51", size = 11141462, upload-time = "2025-06-17T15:19:15.195Z" },
    { url = "https://files.pythonhosted.org/packages/10/7c/1be8571011585914b9d23c95b15d07eec2d2303e94a03df58294bc9274d4/ruff-0.12.0-py3-none-musllinux_1_2_x86_64.whl", hash = "sha256:1e55e44e770e061f55a7dbc6e9aed47feea07731d809a3710feda2262d2d4d8a", size = 11641616, upload-time = "2025-06-17T15:19:17.6Z" },
    { url = "https://files.pythonhosted.org/packages/6a/ef/b960ab4818f90ff59e571d03c3f992828d4683561095e80f9ef31f3d58b7/ruff-0.12.0-py3-none-win32.whl", hash = "sha256:7162a4c816f8d1555eb195c46ae0bd819834d2a3f18f98cc63819a7b46f474fb", size = 10525289, upload-time = "2025-06-17T15:19:19.688Z" },
    { url = "https://files.pythonhosted.org/packages/34/93/8b16034d493ef958a500f17cda3496c63a537ce9d5a6479feec9558f1695/ruff-0.12.0-py3-none-win_amd64.whl", hash = "sha256:d00b7a157b8fb6d3827b49d3324da34a1e3f93492c1f97b08e222ad7e9b291e0", size = 11598311, upload-time = "2025-06-17T15:19:21.785Z" },
    { url = "https://files.pythonhosted.org/packages/d0/33/4d3e79e4a84533d6cd526bfb42c020a23256ae5e4265d858bd1287831f7d/ruff-0.12.0-py3-none-win_arm64.whl", hash = "sha256:8cd24580405ad8c1cc64d61725bca091d6b6da7eb3d36f72cc605467069d7e8b", size = 10724946, upload-time = "2025-06-17T15:19:23.952Z" },
]
